
Microsoft Visual Studio Solution File, Format Version 12.00
# Visual Studio Version 16
VisualStudioVersion = 16.0.30104.148
MinimumVisualStudioVersion = 10.0.40219.1
Project("{FAE04EC0-301F-11D3-BF4B-00C04F79EFBC}") = "JuegoDeRol", "JuegoDeRol.csproj", "{494508B4-D949-452C-BC5B-5108ED75DB2B}"
EndProject
Global
	GlobalSection(SolutionConfigurationPlatforms) = preSolution
		Debug|Any CPU = Debug|Any CPU
		Release|Any CPU = Release|Any CPU
	EndGlobalSection
	GlobalSection(ProjectConfigurationPlatforms) = postSolution
		{494508B4-D949-452C-BC5B-5108ED75DB2B}.Debug|Any CPU.ActiveCfg = Debug|Any CPU
		{494508B4-D949-452C-BC5B-5108ED75DB2B}.Debug|Any CPU.Build.0 = Debug|Any CPU
		{494508B4-D949-452C-BC5B-5108ED75DB2B}.Release|Any CPU.ActiveCfg = Release|Any CPU
		{494508B4-D949-452C-BC5B-5108ED75DB2B}.Release|Any CPU.Build.0 = Release|Any CPU
	EndGlobalSection
	GlobalSection(SolutionProperties) = preSolution
		HideSolutionNode = FALSE
	EndGlobalSection
	GlobalSection(ExtensibilityGlobals) = postSolution
		SolutionGuid = {02EA863D-3678-4A5E-954B-443E2D6AFB3C}
	EndGlobalSection
EndGlobal
